version: 6
environments:
  default:
    channels:
    - url: https://conda.anaconda.org/conda-forge/
    options:
      pypi-prerelease-mode: if-necessary-or-explicit
    packages:
      linux-64:
      - conda: https://conda.anaconda.org/conda-forge/linux-64/_go_select-2.3.0-cgo.tar.bz2
      - conda: https://conda.anaconda.org/conda-forge/linux-64/_openmp_mutex-4.5-20_gnu.conda
      - conda: https://conda.anaconda.org/conda-forge/linux-64/binutils-2.45.1-default_h4852527_102.conda
      - conda: https://conda.anaconda.org/conda-forge/linux-64/binutils_impl_linux-64-2.45.1-default_hfdba357_102.conda
      - conda: https://conda.anaconda.org/conda-forge/linux-64/binutils_linux-64-2.45.1-default_h4852527_102.conda
      - conda: https://conda.anaconda.org/conda-forge/linux-64/c-compiler-1.11.0-h4d9bdce_0.conda
      - conda: https://conda.anaconda.org/conda-forge/linux-64/conda-gcc-specs-14.3.0-he8ccf15_18.conda
      - conda: https://conda.anaconda.org/conda-forge/linux-64/gcc-14.3.0-h0dff253_18.conda
      - conda: https://conda.anaconda.org/conda-forge/linux-64/gcc_impl_linux-64-14.3.0-hbdf3cc3_18.conda
      - conda: https://conda.anaconda.org/conda-forge/linux-64/gcc_linux-64-14.3.0-h298d278_21.conda
      - conda: https://conda.anaconda.org/conda-forge/linux-64/go-1.26.1-h282a287_1.conda
      - conda: https://conda.anaconda.org/conda-forge/noarch/kernel-headers_linux-64-4.18.0-he073ed8_9.conda
      - conda: https://conda.anaconda.org/conda-forge/linux-64/ld_impl_linux-64-2.45.1-default_hbd61a6d_102.conda
      - conda: https://conda.anaconda.org/conda-forge/linux-64/libgcc-15.2.0-he0feb66_18.conda
      - conda: https://conda.anaconda.org/conda-forge/noarch/libgcc-devel_linux-64-14.3.0-hf649bbc_118.conda
      - conda: https://conda.anaconda.org/conda-forge/linux-64/libgfortran-15.2.0-h69a702a_18.conda
      - conda: https://conda.anaconda.org/conda-forge/linux-64/libgfortran5-15.2.0-h68bc16d_18.conda
      - conda: https://conda.anaconda.org/conda-forge/linux-64/libgomp-15.2.0-he0feb66_18.conda
      - conda: https://conda.anaconda.org/conda-forge/linux-64/libsanitizer-14.3.0-h8f1669f_18.conda
      - conda: https://conda.anaconda.org/conda-forge/linux-64/libstdcxx-15.2.0-h934c35e_18.conda
      - conda: https://conda.anaconda.org/conda-forge/noarch/libstdcxx-devel_linux-64-14.3.0-h9f08a49_118.conda
      - conda: https://conda.anaconda.org/conda-forge/linux-64/libzlib-1.3.2-h25fd6f3_2.conda
      - conda: https://conda.anaconda.org/conda-forge/noarch/sysroot_linux-64-2.28-h4ee821c_9.conda
      - conda: https://conda.anaconda.org/conda-forge/noarch/tzdata-2025c-hc9c84f9_1.conda
      - conda: https://conda.anaconda.org/conda-forge/linux-64/zstd-1.5.7-hb78ec9c_6.conda
packages:
- conda: https://conda.anaconda.org/conda-forge/linux-64/_go_select-2.3.0-cgo.tar.bz2
  sha256: d86836d4f3094b4ac149dcdc55f1f12be6e84ed1206a4234404a024e49769832
  md5: 76f94c0e00d08432e003a7b54a1adf53
  license: BSD-3-Clause
  license_family: BSD
  size: 4875
  timestamp: 1586504607438
- conda: https://conda.anaconda.org/conda-forge/linux-64/_openmp_mutex-4.5-20_gnu.conda
  build_number: 20
  sha256: 1dd3fffd892081df9726d7eb7e0dea6198962ba775bd88842135a4ddb4deb3c9
  md5: a9f577daf3de00bca7c3c76c0ecbd1de
  depends:
  - __glibc >=2.17,<3.0.a0
  - libgomp >=7.5.0
  constrains:
  - openmp_impl <0.0a0
  license: BSD-3-Clause
  license_family: BSD
  size: 28948
  timestamp: 1770939786096
- conda: https://conda.anaconda.org/conda-forge/linux-64/binutils-2.45.1-default_h4852527_102.conda
  sha256: 3c7c5580c1720206f28b7fa3d60d17986b3f32465e63009c14c9ae1ea64f926c
  md5: 212fe5f1067445544c99dc1c847d032c
  depends:
  - binutils_impl_linux-64 >=2.45.1,<2.45.2.0a0
  license: GPL-3.0-only
  license_family: GPL
  size: 35436
  timestamp: 1774197482571
- conda: https://conda.anaconda.org/conda-forge/linux-64/binutils_impl_linux-64-2.45.1-default_hfdba357_102.conda
  sha256: 0a7d405064f53b9d91d92515f1460f7906ee5e8523f3cd8973430e81219f4917
  md5: 8165352fdce2d2025bf884dc0ee85700
  depends:
  - ld_impl_linux-64 2.45.1 default_hbd61a6d_102
  - sysroot_linux-64
  - zstd >=1.5.7,<1.6.0a0
  license: GPL-3.0-only
  license_family: GPL
  size: 3661455
  timestamp: 1774197460085
- conda: https://conda.anaconda.org/conda-forge/linux-64/binutils_linux-64-2.45.1-default_h4852527_102.conda
  sha256: 78a58d523d072b7f8e591b8f8572822e044b31764ed7e8d170392e7bc6d58339
  md5: 2a307a17309d358c9b42afdd3199ddcc
  depends:
  - binutils_impl_linux-64 2.45.1 default_hfdba357_102
  license: GPL-3.0-only
  license_family: GPL
  size: 36304
  timestamp: 1774197485247
- conda: https://conda.anaconda.org/conda-forge/linux-64/c-compiler-1.11.0-h4d9bdce_0.conda
  sha256: 8e7a40f16400d7839c82581410aa05c1f8324a693c9d50079f8c50dc9fb241f0
  md5: abd85120de1187b0d1ec305c2173c71b
  depends:
  - binutils
  - gcc
  - gcc_linux-64 14.*
  license: BSD-3-Clause
  license_family: BSD
  size: 6693
  timestamp: 1753098721814
- conda: https://conda.anaconda.org/conda-forge/linux-64/conda-gcc-specs-14.3.0-he8ccf15_18.conda
  sha256: b90ec0e6a9eb22f7240b3584fe785457cff961fec68d40e6aece5d596f9bbd9a
  md5: 0e3e144115c43c9150d18fa20db5f31c
  depends:
  - gcc_impl_linux-64 >=14.3.0,<14.3.1.0a0
  license: GPL-3.0-only WITH GCC-exception-3.1
  license_family: GPL
  size: 31705
  timestamp: 1771378159534
- conda: https://conda.anaconda.org/conda-forge/linux-64/gcc-14.3.0-h0dff253_18.conda
  sha256: 9b34b57b06b485e33a40d430f71ac88c8f381673592507cf7161c50ff0832772
  md5: 52d6457abc42e320787ada5f9033fa99
  depends:
  - conda-gcc-specs
  - gcc_impl_linux-64 14.3.0 hbdf3cc3_18
  license: BSD-3-Clause
  license_family: BSD
  size: 29506
  timestamp: 1771378321585
- conda: https://conda.anaconda.org/conda-forge/linux-64/gcc_impl_linux-64-14.3.0-hbdf3cc3_18.conda
  sha256: 3b31a273b806c6851e16e9cf63ef87cae28d19be0df148433f3948e7da795592
  md5: 30bb690150536f622873758b0e8d6712
  depends:
  - binutils_impl_linux-64 >=2.45
  - libgcc >=14.3.0
  - libgcc-devel_linux-64 14.3.0 hf649bbc_118
  - libgomp >=14.3.0
  - libsanitizer 14.3.0 h8f1669f_18
  - libstdcxx >=14.3.0
  - libstdcxx-devel_linux-64 14.3.0 h9f08a49_118
  - sysroot_linux-64
  license: GPL-3.0-only WITH GCC-exception-3.1
  license_family: GPL
  size: 76302378
  timestamp: 1771378056505
- conda: https://conda.anaconda.org/conda-forge/linux-64/gcc_linux-64-14.3.0-h298d278_21.conda
  sha256: 27ad0cd10dccffca74e20fb38c9f8643ff8fce56eee260bf89fa257d5ab0c90a
  md5: 1403ed5fe091bd7442e4e8a229d14030
  depends:
  - gcc_impl_linux-64 14.3.0.*
  - binutils_linux-64
  - sysroot_linux-64
  license: BSD-3-Clause
  license_family: BSD
  size: 28946
  timestamp: 1770908213807
- conda: https://conda.anaconda.org/conda-forge/linux-64/go-1.26.1-h282a287_1.conda
  sha256: 5926054f373e96f71f843a3338466dd9a9fae776ad42429e4c81237042b0e0a6
  md5: 0980c2f951dad72afd0d0e0ddbf1dbee
  depends:
  - __glibc >=2.17,<3.0.a0
  - _go_select 2.3.0 cgo
  - libgcc >=14
  - libgfortran
  - libgfortran5 >=14.3.0
  - libstdcxx >=14
  constrains:
  - gcc_linux-64 14.*
  - gxx_linux-64 14.*
  - gfortran_linux-64 14.*
  license: BSD-3-Clause
  license_family: BSD
  size: 54542811
  timestamp: 1773410299587
- conda: https://conda.anaconda.org/conda-forge/noarch/kernel-headers_linux-64-4.18.0-he073ed8_9.conda
  sha256: 41557eeadf641de6aeae49486cef30d02a6912d8da98585d687894afd65b356a
  md5: 86d9cba083cd041bfbf242a01a7a1999
  constrains:
  - sysroot_linux-64 ==2.28
  license: LGPL-2.0-or-later AND LGPL-2.0-or-later WITH exceptions AND GPL-2.0-or-later
  license_family: GPL
  size: 1278712
  timestamp: 1765578681495
- conda: https://conda.anaconda.org/conda-forge/linux-64/ld_impl_linux-64-2.45.1-default_hbd61a6d_102.conda
  sha256: 3d584956604909ff5df353767f3a2a2f60e07d070b328d109f30ac40cd62df6c
  md5: 18335a698559cdbcd86150a48bf54ba6
  depends:
  - __glibc >=2.17,<3.0.a0
  - zstd >=1.5.7,<1.6.0a0
  constrains:
  - binutils_impl_linux-64 2.45.1
  license: GPL-3.0-only
  license_family: GPL
  size: 728002
  timestamp: 1774197446916
- conda: https://conda.anaconda.org/conda-forge/linux-64/libgcc-15.2.0-he0feb66_18.conda
  sha256: faf7d2017b4d718951e3a59d081eb09759152f93038479b768e3d612688f83f5
  md5: 0aa00f03f9e39fb9876085dee11a85d4
  depends:
  - __glibc >=2.17,<3.0.a0
  - _openmp_mutex >=4.5
  constrains:
  - libgcc-ng ==15.2.0=*_18
  - libgomp 15.2.0 he0feb66_18
  license: GPL-3.0-only WITH GCC-exception-3.1
  license_family: GPL
  size: 1041788
  timestamp: 1771378212382
- conda: https://conda.anaconda.org/conda-forge/noarch/libgcc-devel_linux-64-14.3.0-hf649bbc_118.conda
  sha256: 1abc6a81ee66e8ac9ac09a26e2d6ad7bba23f0a0cc3a6118654f036f9c0e1854
  md5: 06901733131833f5edd68cf3d9679798
  depends:
  - __unix
  license: GPL-3.0-only WITH GCC-exception-3.1
  license_family: GPL
  size: 3084533
  timestamp: 1771377786730
- conda: https://conda.anaconda.org/conda-forge/linux-64/libgfortran-15.2.0-h69a702a_18.conda
  sha256: d2c9fad338fd85e4487424865da8e74006ab2e2475bd788f624d7a39b2a72aee
  md5: 9063115da5bc35fdc3e1002e69b9ef6e
  depends:
  - libgfortran5 15.2.0 h68bc16d_18
  constrains:
  - libgfortran-ng ==15.2.0=*_18
  license: GPL-3.0-only WITH GCC-exception-3.1
  license_family: GPL
  size: 27523
  timestamp: 1771378269450
- conda: https://conda.anaconda.org/conda-forge/linux-64/libgfortran5-15.2.0-h68bc16d_18.conda
  sha256: 539b57cf50ec85509a94ba9949b7e30717839e4d694bc94f30d41c9d34de2d12
  md5: 646855f357199a12f02a87382d429b75
  depends:
  - __glibc >=2.17,<3.0.a0
  - libgcc >=15.2.0
  constrains:
  - libgfortran 15.2.0
  license: GPL-3.0-only WITH GCC-exception-3.1
  license_family: GPL
  size: 2482475
  timestamp: 1771378241063
- conda: https://conda.anaconda.org/conda-forge/linux-64/libgomp-15.2.0-he0feb66_18.conda
  sha256: 21337ab58e5e0649d869ab168d4e609b033509de22521de1bfed0c031bfc5110
  md5: 239c5e9546c38a1e884d69effcf4c882
  depends:
  - __glibc >=2.17,<3.0.a0
  license: GPL-3.0-only WITH GCC-exception-3.1
  license_family: GPL
  size: 603262
  timestamp: 1771378117851
- conda: https://conda.anaconda.org/conda-forge/linux-64/libsanitizer-14.3.0-h8f1669f_18.conda
  sha256: e03ed186eefb46d7800224ad34bad1268c9d19ecb8f621380a50601c6221a4a7
  md5: ad3a0e2dc4cce549b2860e2ef0e6d75b
  depends:
  - __glibc >=2.17,<3.0.a0
  - libgcc >=14.3.0
  - libstdcxx >=14.3.0
  license: GPL-3.0-only WITH GCC-exception-3.1
  license_family: GPL
  size: 7949259
  timestamp: 1771377982207
- conda: https://conda.anaconda.org/conda-forge/linux-64/libstdcxx-15.2.0-h934c35e_18.conda
  sha256: 78668020064fdaa27e9ab65cd2997e2c837b564ab26ce3bf0e58a2ce1a525c6e
  md5: 1b08cd684f34175e4514474793d44bcb
  depends:
  - __glibc >=2.17,<3.0.a0
  - libgcc 15.2.0 he0feb66_18
  constrains:
  - libstdcxx-ng ==15.2.0=*_18
  license: GPL-3.0-only WITH GCC-exception-3.1
  license_family: GPL
  size: 5852330
  timestamp: 1771378262446
- conda: https://conda.anaconda.org/conda-forge/noarch/libstdcxx-devel_linux-64-14.3.0-h9f08a49_118.conda
  sha256: b1c3824769b92a1486bf3e2cc5f13304d83ae613ea061b7bc47bb6080d6dfdba
  md5: 865a399bce236119301ebd1532fced8d
  depends:
  - __unix
  license: GPL-3.0-only WITH GCC-exception-3.1
  license_family: GPL
  size: 20171098
  timestamp: 1771377827750
- conda: https://conda.anaconda.org/conda-forge/linux-64/libzlib-1.3.2-h25fd6f3_2.conda
  sha256: 55044c403570f0dc26e6364de4dc5368e5f3fc7ff103e867c487e2b5ab2bcda9
  md5: d87ff7921124eccd67248aa483c23fec
  depends:
  - __glibc >=2.17,<3.0.a0
  constrains:
  - zlib 1.3.2 *_2
  license: Zlib
  license_family: Other
  size: 63629
  timestamp: 1774072609062
- conda: https://conda.anaconda.org/conda-forge/noarch/sysroot_linux-64-2.28-h4ee821c_9.conda
  sha256: c47299fe37aebb0fcf674b3be588e67e4afb86225be4b0d452c7eb75c086b851
  md5: 13dc3adbc692664cd3beabd216434749
  depends:
  - __glibc >=2.28
  - kernel-headers_linux-64 4.18.0 he073ed8_9
  - tzdata
  license: LGPL-2.0-or-later AND LGPL-2.0-or-later WITH exceptions AND GPL-2.0-or-later
  license_family: GPL
  size: 24008591
  timestamp: 1765578833462
- conda: https://conda.anaconda.org/conda-forge/noarch/tzdata-2025c-hc9c84f9_1.conda
  sha256: 1d30098909076af33a35017eed6f2953af1c769e273a0626a04722ac4acaba3c
  md5: ad659d0a2b3e47e38d829aa8cad2d610
  license: LicenseRef-Public-Domain
  size: 119135
  timestamp: 1767016325805
- conda: https://conda.anaconda.org/conda-forge/linux-64/zstd-1.5.7-hb78ec9c_6.conda
  sha256: 68f0206ca6e98fea941e5717cec780ed2873ffabc0e1ed34428c061e2c6268c7
  md5: 4a13eeac0b5c8e5b8ab496e6c4ddd829
  depends:
  - __glibc >=2.17,<3.0.a0
  - libzlib >=1.3.1,<2.0a0
  license: BSD-3-Clause
  license_family: BSD
  size: 601375
  timestamp: 1764777111296
